
Microsoft Visual Studio Solution File, Format Version 12.00
# Visual Studio Version 17
VisualStudioVersion = 17.7.34031.279
MinimumVisualStudioVersion = 10.0.40219.1
Project("{8BC9CEB8-8B4A-11D0-8D11-00A0C91BC942}") = "Lab 6.3 it", "Lab 6.3 it\Lab 6.3 it.vcxproj", "{A2485609-66B5-4499-81D3-28FD56DD68C9}"
EndProject
Project("{8BC9CEB8-8B4A-11D0-8D11-00A0C91BC942}") = "UnitTest1", "UnitTest1\UnitTest1.vcxproj", "{D79E913D-F007-43AF-B4A6-FA60F6204615}"
EndProject
Global
	GlobalSection(SolutionConfigurationPlatforms) = preSolution
		Debug|x64 = Debug|x64
		Debug|x86 = Debug|x86
		Release|x64 = Release|x64
		Release|x86 = Release|x86
	EndGlobalSection
	GlobalSection(ProjectConfigurationPlatforms) = postSolution
		{A2485609-66B5-4499-81D3-28FD56DD68C9}.Debug|x64.ActiveCfg = Debug|x64
		{A2485609-66B5-4499-81D3-28FD56DD68C9}.Debug|x64.Build.0 = Debug|x64
		{A2485609-66B5-4499-81D3-28FD56DD68C9}.Debug|x86.ActiveCfg = Debug|Win32
		{A2485609-66B5-4499-81D3-28FD56DD68C9}.Debug|x86.Build.0 = Debug|Win32
		{A2485609-66B5-4499-81D3-28FD56DD68C9}.Release|x64.ActiveCfg = Release|x64
		{A2485609-66B5-4499-81D3-28FD56DD68C9}.Release|x64.Build.0 = Release|x64
		{A2485609-66B5-4499-81D3-28FD56DD68C9}.Release|x86.ActiveCfg = Release|Win32
		{A2485609-66B5-4499-81D3-28FD56DD68C9}.Release|x86.Build.0 = Release|Win32
		{D79E913D-F007-43AF-B4A6-FA60F6204615}.Debug|x64.ActiveCfg = Debug|x64
		{D79E913D-F007-43AF-B4A6-FA60F6204615}.Debug|x64.Build.0 = Debug|x64
		{D79E913D-F007-43AF-B4A6-FA60F6204615}.Debug|x86.ActiveCfg = Debug|Win32
		{D79E913D-F007-43AF-B4A6-FA60F6204615}.Debug|x86.Build.0 = Debug|Win32
		{D79E913D-F007-43AF-B4A6-FA60F6204615}.Release|x64.ActiveCfg = Release|x64
		{D79E913D-F007-43AF-B4A6-FA60F6204615}.Release|x64.Build.0 = Release|x64
		{D79E913D-F007-43AF-B4A6-FA60F6204615}.Release|x86.ActiveCfg = Release|Win32
		{D79E913D-F007-43AF-B4A6-FA60F6204615}.Release|x86.Build.0 = Release|Win32
	EndGlobalSection
	GlobalSection(SolutionProperties) = preSolution
		HideSolutionNode = FALSE
	EndGlobalSection
	GlobalSection(ExtensibilityGlobals) = postSolution
		SolutionGuid = {71C9F7D6-AFB6-493F-820C-8F15F87FF21B}
	EndGlobalSection
EndGlobal
